// !$*UTF8*$!
{
	archiveVersion = 1;
	classes = {
	};
	objectVersion = 56;
	objects = {

/* Begin PBXBuildFile section */
		37A317502B39B6350059CB7B /* AppDelegate.swift in Sources */ = {isa = PBXBuildFile; fileRef = 37A3174F2B39B6350059CB7B /* AppDelegate.swift */; };
		37A317522B39B6350059CB7B /* SceneDelegate.swift in Sources */ = {isa = PBXBuildFile; fileRef = 37A317512B39B6350059CB7B /* SceneDelegate.swift */; };
		37A317572B39B6350059CB7B /* Main.storyboard in Resources */ = {isa = PBXBuildFile; fileRef = 37A317552B39B6350059CB7B /* Main.storyboard */; };
		37A317592B39B6370059CB7B /* Assets.xcassets in Resources */ = {isa = PBXBuildFile; fileRef = 37A317582B39B6370059CB7B /* Assets.xcassets */; };
		37A3175C2B39B6370059CB7B /* LaunchScreen.storyboard in Resources */ = {isa = PBXBuildFile; fileRef = 37A3175A2B39B6370059CB7B /* LaunchScreen.storyboard */; };
		37A317772B3D51BD0059CB7B /* SnapKit in Frameworks */ = {isa = PBXBuildFile; productRef = 37A317762B3D51BD0059CB7B /* SnapKit */; };
		37A317792B3D51BD0059CB7B /* SnapKit-Dynamic in Frameworks */ = {isa = PBXBuildFile; productRef = 37A317782B3D51BD0059CB7B /* SnapKit-Dynamic */; };
		37A317822B3D60600059CB7B /* APIManager.swift in Sources */ = {isa = PBXBuildFile; fileRef = 37A317812B3D60600059CB7B /* APIManager.swift */; };
		37EE5E3A2B69094D0013F6D5 /* MainView.swift in Sources */ = {isa = PBXBuildFile; fileRef = 37EE5E392B69094D0013F6D5 /* MainView.swift */; };
		37EE5E3C2B6912760013F6D5 /* MainController.swift in Sources */ = {isa = PBXBuildFile; fileRef = 37EE5E3B2B6912760013F6D5 /* MainController.swift */; };
/* End PBXBuildFile section */

/* Begin PBXFileReference section */
		37A3174C2B39B6350059CB7B /* Weather App(URL).app */ = {isa = PBXFileReference; explicitFileType = wrapper.application; includeInIndex = 0; path = "Weather App(URL).app"; sourceTree = BUILT_PRODUCTS_DIR; };
		37A3174F2B39B6350059CB7B /* AppDelegate.swift */ = {isa = PBXFileReference; lastKnownFileType = sourcecode.swift; path = AppDelegate.swift; sourceTree = "<group>"; };
		37A317512B39B6350059CB7B /* SceneDelegate.swift */ = {isa = PBXFileReference; lastKnownFileType = sourcecode.swift; path = SceneDelegate.swift; sourceTree = "<group>"; };
		37A317562B39B6350059CB7B /* Base */ = {isa = PBXFileReference; lastKnownFileType = file.storyboard; name = Base; path = Base.lproj/Main.storyboard; sourceTree = "<group>"; };
		37A317582B39B6370059CB7B /* Assets.xcassets */ = {isa = PBXFileReference; lastKnownFileType = folder.assetcatalog; path = Assets.xcassets; sourceTree = "<group>"; };
		37A3175B2B39B6370059CB7B /* Base */ = {isa = PBXFileReference; lastKnownFileType = file.storyboard; name = Base; path = Base.lproj/LaunchScreen.storyboard; sourceTree = "<group>"; };
		37A3175D2B39B6370059CB7B /* Info.plist */ = {isa = PBXFileReference; lastKnownFileType = text.plist.xml; path = Info.plist; sourceTree = "<group>"; };
		37A317812B3D60600059CB7B /* APIManager.swift */ = {isa = PBXFileReference; lastKnownFileType = sourcecode.swift; path = APIManager.swift; sourceTree = "<group>"; };
		37EE5E392B69094D0013F6D5 /* MainView.swift */ = {isa = PBXFileReference; lastKnownFileType = sourcecode.swift; path = MainView.swift; sourceTree = "<group>"; };
		37EE5E3B2B6912760013F6D5 /* MainController.swift */ = {isa = PBXFileReference; lastKnownFileType = sourcecode.swift; path = MainController.swift; sourceTree = "<group>"; };
/* End PBXFileReference section */

/* Begin PBXFrameworksBuildPhase section */
		37A317492B39B6350059CB7B /* Frameworks */ = {
			isa = PBXFrameworksBuildPhase;
			buildActionMask = 2147483647;
			files = (
				37A317772B3D51BD0059CB7B /* SnapKit in Frameworks */,
				37A317792B3D51BD0059CB7B /* SnapKit-Dynamic in Frameworks */,
			);
			runOnlyForDeploymentPostprocessing = 0;
		};
/* End PBXFrameworksBuildPhase section */

/* Begin PBXGroup section */
		37A317432B39B6350059CB7B = {
			isa = PBXGroup;
			children = (
				37A3174E2B39B6350059CB7B /* Weather App(URL) */,
				37A3174D2B39B6350059CB7B /* Products */,
			);
			sourceTree = "<group>";
		};
		37A3174D2B39B6350059CB7B /* Products */ = {
			isa = PBXGroup;
			children = (
				37A3174C2B39B6350059CB7B /* Weather App(URL).app */,
			);
			name = Products;
			sourceTree = "<group>";
		};
		37A3174E2B39B6350059CB7B /* Weather App(URL) */ = {
			isa = PBXGroup;
			children = (
				37A317632B39B7970059CB7B /* Sources */,
				37A317642B39B7A80059CB7B /* Resources */,
			);
			path = "Weather App(URL)";
			sourceTree = "<group>";
		};
		37A317632B39B7970059CB7B /* Sources */ = {
			isa = PBXGroup;
			children = (
				37A3177A2B3D5BA70059CB7B /* Scene */,
				37A317652B39B7C20059CB7B /* App */,
			);
			path = Sources;
			sourceTree = "<group>";
		};
		37A317642B39B7A80059CB7B /* Resources */ = {
			isa = PBXGroup;
			children = (
				37A317582B39B6370059CB7B /* Assets.xcassets */,
				37A3175D2B39B6370059CB7B /* Info.plist */,
				37A317552B39B6350059CB7B /* Main.storyboard */,
				37A3175A2B39B6370059CB7B /* LaunchScreen.storyboard */,
			);
			path = Resources;
			sourceTree = "<group>";
		};
		37A317652B39B7C20059CB7B /* App */ = {
			isa = PBXGroup;
			children = (
				37A3174F2B39B6350059CB7B /* AppDelegate.swift */,
				37A317512B39B6350059CB7B /* SceneDelegate.swift */,
			);
			path = App;
			sourceTree = "<group>";
		};
		37A317662B39B7D10059CB7B /* Controller */ = {
			isa = PBXGroup;
			children = (
				37EE5E3B2B6912760013F6D5 /* MainController.swift */,
			);
			path = Controller;
			sourceTree = "<group>";
		};
		37A317672B39B7EF0059CB7B /* View */ = {
			isa = PBXGroup;
			children = (
				37EE5E392B69094D0013F6D5 /* MainView.swift */,
			);
			path = View;
			sourceTree = "<group>";
		};
		37A317682B39B7F50059CB7B /* Model */ = {
			isa = PBXGroup;
			children = (
			);
			path = Model;
			sourceTree = "<group>";
		};
		37A3177A2B3D5BA70059CB7B /* Scene */ = {
			isa = PBXGroup;
			children = (
				37A3177B2B3D5BB40059CB7B /* Main */,
			);
			path = Scene;
			sourceTree = "<group>";
		};
		37A3177B2B3D5BB40059CB7B /* Main */ = {
			isa = PBXGroup;
			children = (
				37A3177C2B3D5FBC0059CB7B /* API */,
				37A317682B39B7F50059CB7B /* Model */,
				37A317672B39B7EF0059CB7B /* View */,
				37A317662B39B7D10059CB7B /* Controller */,
			);
			path = Main;
			sourceTree = "<group>";
		};
		37A3177C2B3D5FBC0059CB7B /* API */ = {
			isa = PBXGroup;
			children = (
				37A317812B3D60600059CB7B /* APIManager.swift */,
			);
			path = API;
			sourceTree = "<group>";
		};
/* End PBXGroup section */

/* Begin PBXNativeTarget section */
		37A3174B2B39B6350059CB7B /* Weather App(URL) */ = {
			isa = PBXNativeTarget;
			buildConfigurationList = 37A317602B39B6370059CB7B /* Build configuration list for PBXNativeTarget "Weather App(URL)" */;
			buildPhases = (
				37A317482B39B6350059CB7B /* Sources */,
				37A317492B39B6350059CB7B /* Frameworks */,
				37A3174A2B39B6350059CB7B /* Resources */,
			);
			buildRules = (
			);
			dependencies = (
			);
			name = "Weather App(URL)";
			packageProductDependencies = (
				37A317762B3D51BD0059CB7B /* SnapKit */,
				37A317782B3D51BD0059CB7B /* SnapKit-Dynamic */,
			);
			productName = "Weather App(URL)";
			productReference = 37A3174C2B39B6350059CB7B /* Weather App(URL).app */;
			productType = "com.apple.product-type.application";
		};
/* End PBXNativeTarget section */

/* Begin PBXProject section */
		37A317442B39B6350059CB7B /* Project object */ = {
			isa = PBXProject;
			attributes = {
				BuildIndependentTargetsInParallel = 1;
				LastSwiftUpdateCheck = 1500;
				LastUpgradeCheck = 1500;
				TargetAttributes = {
					37A3174B2B39B6350059CB7B = {
						CreatedOnToolsVersion = 15.0.1;
					};
				};
			};
			buildConfigurationList = 37A317472B39B6350059CB7B /* Build configuration list for PBXProject "Weather App(URL)" */;
			compatibilityVersion = "Xcode 14.0";
			developmentRegion = en;
			hasScannedForEncodings = 0;
			knownRegions = (
				en,
				Base,
			);
			mainGroup = 37A317432B39B6350059CB7B;
			packageReferences = (
				37A317752B3D51BD0059CB7B /* XCRemoteSwiftPackageReference "SnapKit" */,
			);
			productRefGroup = 37A3174D2B39B6350059CB7B /* Products */;
			projectDirPath = "";
			projectRoot = "";
			targets = (
				37A3174B2B39B6350059CB7B /* Weather App(URL) */,
			);
		};
/* End PBXProject section */

/* Begin PBXResourcesBuildPhase section */
		37A3174A2B39B6350059CB7B /* Resources */ = {
			isa = PBXResourcesBuildPhase;
			buildActionMask = 2147483647;
			files = (
				37A3175C2B39B6370059CB7B /* LaunchScreen.storyboard in Resources */,
				37A317592B39B6370059CB7B /* Assets.xcassets in Resources */,
				37A317572B39B6350059CB7B /* Main.storyboard in Resources */,
			);
			runOnlyForDeploymentPostprocessing = 0;
		};
/* End PBXResourcesBuildPhase section */

/* Begin PBXSourcesBuildPhase section */
		37A317482B39B6350059CB7B /* Sources */ = {
			isa = PBXSourcesBuildPhase;
			buildActionMask = 2147483647;
			files = (
				37A317822B3D60600059CB7B /* APIManager.swift in Sources */,
				37EE5E3A2B69094D0013F6D5 /* MainView.swift in Sources */,
				37A317502B39B6350059CB7B /* AppDelegate.swift in Sources */,
				37A317522B39B6350059CB7B /* SceneDelegate.swift in Sources */,
				37EE5E3C2B6912760013F6D5 /* MainController.swift in Sources */,
			);
			runOnlyForDeploymentPostprocessing = 0;
		};
/* End PBXSourcesBuildPhase section */

/* Begin PBXVariantGroup section */
		37A317552B39B6350059CB7B /* Main.storyboard */ = {
			isa = PBXVariantGroup;
			children = (
				37A317562B39B6350059CB7B /* Base */,
			);
			name = Main.storyboard;
			sourceTree = "<group>";
		};
		37A3175A2B39B6370059CB7B /* LaunchScreen.storyboard */ = {
			isa = PBXVariantGroup;
			children = (
				37A3175B2B39B6370059CB7B /* Base */,
			);
			name = LaunchScreen.storyboard;
			sourceTree = "<group>";
		};
/* End PBXVariantGroup section */

/* Begin XCBuildConfiguration section */
		37A3175E2B39B6370059CB7B /* Debug */ = {
			isa = XCBuildConfiguration;
			buildSettings = {
				ALWAYS_SEARCH_USER_PATHS = NO;
				ASSETCATALOG_COMPILER_GENERATE_SWIFT_ASSET_SYMBOL_EXTENSIONS = YES;
				CLANG_ANALYZER_NONNULL = YES;
				CLANG_ANALYZER_NUMBER_OBJECT_CONVERSION = YES_AGGRESSIVE;
				CLANG_CXX_LANGUAGE_STANDARD = "gnu++20";
				CLANG_ENABLE_MODULES = YES;
				CLANG_ENABLE_OBJC_ARC = YES;
				CLANG_ENABLE_OBJC_WEAK = YES;
				CLANG_WARN_BLOCK_CAPTURE_AUTORELEASING = YES;
				CLANG_WARN_BOOL_CONVERSION = YES;
				CLANG_WARN_COMMA = YES;
				CLANG_WARN_CONSTANT_CONVERSION = YES;
				CLANG_WARN_DEPRECATED_OBJC_IMPLEMENTATIONS = YES;
				CLANG_WARN_DIRECT_OBJC_ISA_USAGE = YES_ERROR;
				CLANG_WARN_DOCUMENTATION_COMMENTS = YES;
				CLANG_WARN_EMPTY_BODY = YES;
				CLANG_WARN_ENUM_CONVERSION = YES;
				CLANG_WARN_INFINITE_RECURSION = YES;
				CLANG_WARN_INT_CONVERSION = YES;
				CLANG_WARN_NON_LITERAL_NULL_CONVERSION = YES;
				CLANG_WARN_OBJC_IMPLICIT_RETAIN_SELF = YES;
				CLANG_WARN_OBJC_LITERAL_CONVERSION = YES;
				CLANG_WARN_OBJC_ROOT_CLASS = YES_ERROR;
				CLANG_WARN_QUOTED_INCLUDE_IN_FRAMEWORK_HEADER = YES;
				CLANG_WARN_RANGE_LOOP_ANALYSIS = YES;
				CLANG_WARN_STRICT_PROTOTYPES = YES;
				CLANG_WARN_SUSPICIOUS_MOVE = YES;
				CLANG_WARN_UNGUARDED_AVAILABILITY = YES_AGGRESSIVE;
				CLANG_WARN_UNREACHABLE_CODE = YES;
				CLANG_WARN__DUPLICATE_METHOD_MATCH = YES;
				COPY_PHASE_STRIP = NO;
				DEBUG_INFORMATION_FORMAT = dwarf;
				ENABLE_STRICT_OBJC_MSGSEND = YES;
				ENABLE_TESTABILITY = YES;
				ENABLE_USER_SCRIPT_SANDBOXING = YES;
				GCC_C_LANGUAGE_STANDARD = gnu17;
				GCC_DYNAMIC_NO_PIC = NO;
				GCC_NO_COMMON_BLOCKS = YES;
				GCC_OPTIMIZATION_LEVEL = 0;
				GCC_PREPROCESSOR_DEFINITIONS = (
					"DEBUG=1",
					"$(inherited)",
				);
				GCC_WARN_64_TO_32_BIT_CONVERSION = YES;
				GCC_WARN_ABOUT_RETURN_TYPE = YES_ERROR;
				GCC_WARN_UNDECLARED_SELECTOR = YES;
				GCC_WARN_UNINITIALIZED_AUTOS = YES_AGGRESSIVE;
				GCC_WARN_UNUSED_FUNCTION = YES;
				GCC_WARN_UNUSED_VARIABLE = YES;
				IPHONEOS_DEPLOYMENT_TARGET = 17.0;
				LOCALIZATION_PREFERS_STRING_CATALOGS = YES;
				MTL_ENABLE_DEBUG_INFO = INCLUDE_SOURCE;
				MTL_FAST_MATH = YES;
				ONLY_ACTIVE_ARCH = YES;
				SDKROOT = iphoneos;
				SWIFT_ACTIVE_COMPILATION_CONDITIONS = "DEBUG $(inherited)";
				SWIFT_OPTIMIZATION_LEVEL = "-Onone";
			};
			name = Debug;
		};
		37A3175F2B39B6370059CB7B /* Release */ = {
			isa = XCBuildConfiguration;
			buildSettings = {
				ALWAYS_SEARCH_USER_PATHS = NO;
				ASSETCATALOG_COMPILER_GENERATE_SWIFT_ASSET_SYMBOL_EXTENSIONS = YES;
				CLANG_ANALYZER_NONNULL = YES;
				CLANG_ANALYZER_NUMBER_OBJECT_CONVERSION = YES_AGGRESSIVE;
				CLANG_CXX_LANGUAGE_STANDARD = "gnu++20";
				CLANG_ENABLE_MODULES = YES;
				CLANG_ENABLE_OBJC_ARC = YES;
				CLANG_ENABLE_OBJC_WEAK = YES;
				CLANG_WARN_BLOCK_CAPTURE_AUTORELEASING = YES;
				CLANG_WARN_BOOL_CONVERSION = YES;
				CLANG_WARN_COMMA = YES;
				CLANG_WARN_CONSTANT_CONVERSION = YES;
				CLANG_WARN_DEPRECATED_OBJC_IMPLEMENTATIONS = YES;
				CLANG_WARN_DIRECT_OBJC_ISA_USAGE = YES_ERROR;
				CLANG_WARN_DOCUMENTATION_COMMENTS = YES;
				CLANG_WARN_EMPTY_BODY = YES;
				CLANG_WARN_ENUM_CONVERSION = YES;
				CLANG_WARN_INFINITE_RECURSION = YES;
				CLANG_WARN_INT_CONVERSION = YES;
				CLANG_WARN_NON_LITERAL_NULL_CONVERSION = YES;
				CLANG_WARN_OBJC_IMPLICIT_RETAIN_SELF = YES;
				CLANG_WARN_OBJC_LITERAL_CONVERSION = YES;
				CLANG_WARN_OBJC_ROOT_CLASS = YES_ERROR;
				CLANG_WARN_QUOTED_INCLUDE_IN_FRAMEWORK_HEADER = YES;
				CLANG_WARN_RANGE_LOOP_ANALYSIS = YES;
				CLANG_WARN_STRICT_PROTOTYPES = YES;
				CLANG_WARN_SUSPICIOUS_MOVE = YES;
				CLANG_WARN_UNGUARDED_AVAILABILITY = YES_AGGRESSIVE;
				CLANG_WARN_UNREACHABLE_CODE = YES;
				CLANG_WARN__DUPLICATE_METHOD_MATCH = YES;
				COPY_PHASE_STRIP = NO;
				DEBUG_INFORMATION_FORMAT = "dwarf-with-dsym";
				ENABLE_NS_ASSERTIONS = NO;
				ENABLE_STRICT_OBJC_MSGSEND = YES;
				ENABLE_USER_SCRIPT_SANDBOXING = YES;
				GCC_C_LANGUAGE_STANDARD = gnu17;
				GCC_NO_COMMON_BLOCKS = YES;
				GCC_WARN_64_TO_32_BIT_CONVERSION = YES;
				GCC_WARN_ABOUT_RETURN_TYPE = YES_ERROR;
				GCC_WARN_UNDECLARED_SELECTOR = YES;
				GCC_WARN_UNINITIALIZED_AUTOS = YES_AGGRESSIVE;
				GCC_WARN_UNUSED_FUNCTION = YES;
				GCC_WARN_UNUSED_VARIABLE = YES;
				IPHONEOS_DEPLOYMENT_TARGET = 17.0;
				LOCALIZATION_PREFERS_STRING_CATALOGS = YES;
				MTL_ENABLE_DEBUG_INFO = NO;
				MTL_FAST_MATH = YES;
				SDKROOT = iphoneos;
				SWIFT_COMPILATION_MODE = wholemodule;
				VALIDATE_PRODUCT = YES;
			};
			name = Release;
		};
		37A317612B39B6370059CB7B /* Debug */ = {
			isa = XCBuildConfiguration;
			buildSettings = {
				ASSETCATALOG_COMPILER_APPICON_NAME = AppIcon;
				ASSETCATALOG_COMPILER_GLOBAL_ACCENT_COLOR_NAME = AccentColor;
				CODE_SIGN_STYLE = Automatic;
				CURRENT_PROJECT_VERSION = 1;
				DEVELOPMENT_TEAM = YT7499CZXL;
				GENERATE_INFOPLIST_FILE = YES;
				INFOPLIST_FILE = "Weather App(URL)/Resources/Info.plist";
				INFOPLIST_KEY_UIApplicationSupportsIndirectInputEvents = YES;
				INFOPLIST_KEY_UILaunchStoryboardName = LaunchScreen;
				INFOPLIST_KEY_UIMainStoryboardFile = Main;
				INFOPLIST_KEY_UISupportedInterfaceOrientations_iPad = "UIInterfaceOrientationPortrait UIInterfaceOrientationPortraitUpsideDown UIInterfaceOrientationLandscapeLeft UIInterfaceOrientationLandscapeRight";
				INFOPLIST_KEY_UISupportedInterfaceOrientations_iPhone = "UIInterfaceOrientationPortrait UIInterfaceOrientationLandscapeLeft UIInterfaceOrientationLandscapeRight";
				LD_RUNPATH_SEARCH_PATHS = (
					"$(inherited)",
					"@executable_path/Frameworks",
				);
				MARKETING_VERSION = 1.0;
				PRODUCT_BUNDLE_IDENTIFIER = "nurka.Weather-App-URL-";
				PRODUCT_NAME = "$(TARGET_NAME)";
				SWIFT_EMIT_LOC_STRINGS = YES;
				SWIFT_VERSION = 5.0;
				TARGETED_DEVICE_FAMILY = "1,2";
			};
			name = Debug;
		};
		37A317622B39B6370059CB7B /* Release */ = {
			isa = XCBuildConfiguration;
			buildSettings = {
				ASSETCATALOG_COMPILER_APPICON_NAME = AppIcon;
				ASSETCATALOG_COMPILER_GLOBAL_ACCENT_COLOR_NAME = AccentColor;
				CODE_SIGN_STYLE = Automatic;
				CURRENT_PROJECT_VERSION = 1;
				DEVELOPMENT_TEAM = YT7499CZXL;
				GENERATE_INFOPLIST_FILE = YES;
				INFOPLIST_FILE = "Weather App(URL)/Resources/Info.plist";
				INFOPLIST_KEY_UIApplicationSupportsIndirectInputEvents = YES;
				INFOPLIST_KEY_UILaunchStoryboardName = LaunchScreen;
				INFOPLIST_KEY_UIMainStoryboardFile = Main;
				INFOPLIST_KEY_UISupportedInterfaceOrientations_iPad = "UIInterfaceOrientationPortrait UIInterfaceOrientationPortraitUpsideDown UIInterfaceOrientationLandscapeLeft UIInterfaceOrientationLandscapeRight";
				INFOPLIST_KEY_UISupportedInterfaceOrientations_iPhone = "UIInterfaceOrientationPortrait UIInterfaceOrientationLandscapeLeft UIInterfaceOrientationLandscapeRight";
				LD_RUNPATH_SEARCH_PATHS = (
					"$(inherited)",
					"@executable_path/Frameworks",
				);
				MARKETING_VERSION = 1.0;
				PRODUCT_BUNDLE_IDENTIFIER = "nurka.Weather-App-URL-";
				PRODUCT_NAME = "$(TARGET_NAME)";
				SWIFT_EMIT_LOC_STRINGS = YES;
				SWIFT_VERSION = 5.0;
				TARGETED_DEVICE_FAMILY = "1,2";
			};
			name = Release;
		};
/* End XCBuildConfiguration section */

/* Begin XCConfigurationList section */
		37A317472B39B6350059CB7B /* Build configuration list for PBXProject "Weather App(URL)" */ = {
			isa = XCConfigurationList;
			buildConfigurations = (
				37A3175E2B39B6370059CB7B /* Debug */,
				37A3175F2B39B6370059CB7B /* Release */,
			);
			defaultConfigurationIsVisible = 0;
			defaultConfigurationName = Release;
		};
		37A317602B39B6370059CB7B /* Build configuration list for PBXNativeTarget "Weather App(URL)" */ = {
			isa = XCConfigurationList;
			buildConfigurations = (
				37A317612B39B6370059CB7B /* Debug */,
				37A317622B39B6370059CB7B /* Release */,
			);
			defaultConfigurationIsVisible = 0;
			defaultConfigurationName = Release;
		};
/* End XCConfigurationList section */

/* Begin XCRemoteSwiftPackageReference section */
		37A317752B3D51BD0059CB7B /* XCRemoteSwiftPackageReference "SnapKit" */ = {
			isa = XCRemoteSwiftPackageReference;
			repositoryURL = "https://github.com/SnapKit/SnapKit.git";
			requirement = {
				kind = upToNextMajorVersion;
				minimumVersion = 5.6.0;
			};
		};
/* End XCRemoteSwiftPackageReference section */

/* Begin XCSwiftPackageProductDependency section */
		37A317762B3D51BD0059CB7B /* SnapKit */ = {
			isa = XCSwiftPackageProductDependency;
			package = 37A317752B3D51BD0059CB7B /* XCRemoteSwiftPackageReference "SnapKit" */;
			productName = SnapKit;
		};
		37A317782B3D51BD0059CB7B /* SnapKit-Dynamic */ = {
			isa = XCSwiftPackageProductDependency;
			package = 37A317752B3D51BD0059CB7B /* XCRemoteSwiftPackageReference "SnapKit" */;
			productName = "SnapKit-Dynamic";
		};
/* End XCSwiftPackageProductDependency section */
	};
	rootObject = 37A317442B39B6350059CB7B /* Project object */;
}
